
Microsoft Visual Studio Solution File, Format Version 12.00
# Visual Studio 15
VisualStudioVersion = 15.0.28010.2003
MinimumVisualStudioVersion = 10.0.40219.1
Project("{FAE04EC0-301F-11D3-BF4B-00C04F79EFBC}") = "CSharpSelenium", "CSharpSelenium\CSharpSelenium.csproj", "{452700EC-8925-4121-AE52-922906F7FF97}"
EndProject
Global
	GlobalSection(SolutionConfigurationPlatforms) = preSolution
		Debug|Any CPU = Debug|Any CPU
		Release|Any CPU = Release|Any CPU
	EndGlobalSection
	GlobalSection(ProjectConfigurationPlatforms) = postSolution
		{452700EC-8925-4121-AE52-922906F7FF97}.Debug|Any CPU.ActiveCfg = Debug|Any CPU
		{452700EC-8925-4121-AE52-922906F7FF97}.Debug|Any CPU.Build.0 = Debug|Any CPU
		{452700EC-8925-4121-AE52-922906F7FF97}.Release|Any CPU.ActiveCfg = Release|Any CPU
		{452700EC-8925-4121-AE52-922906F7FF97}.Release|Any CPU.Build.0 = Release|Any CPU
	EndGlobalSection
	GlobalSection(SolutionProperties) = preSolution
		HideSolutionNode = FALSE
	EndGlobalSection
	GlobalSection(ExtensibilityGlobals) = postSolution
		SolutionGuid = {980D311F-917E-43F3-A6BD-C30856232468}
	EndGlobalSection
EndGlobal
